<?xml version="1.0" encoding="utf-8"?>
<Project ToolsVersion="4.0" xmlns="http://schemas.microsoft.com/developer/msbuild/2003">
  <ItemGroup>
    <Filter Include="Source Files">
      <UniqueIdentifier>{4FC737F1-C7A5-4376-A066-2A32D752A2FF}</UniqueIdentifier>
      <Extensions>cpp;c;cc;cxx;def;odl;idl;hpj;bat;asm;asmx</Extensions>
    </Filter>
    <Filter Include="Header Files">
      <UniqueIdentifier>{93995380-89BD-4b04-88EB-625FBE52EBFB}</UniqueIdentifier>
      <Extensions>h;hh;hpp;hxx;hm;inl;inc;ipp;xsd</Extensions>
    </Filter>
    <Filter Include="Resource Files">
      <UniqueIdentifier>{67DA6AB6-F800-4c08-8B7A-83BB121AAD01}</UniqueIdentifier>
      <Extensions>rc;ico;cur;bmp;dlg;rc2;rct;bin;rgs;gif;jpg;jpeg;jpe;resx;tiff;tif;png;wav;mfcribbon-ms</Extensions>
    </Filter>
    <Filter Include="Source Files\core">
      <UniqueIdentifier>{e030faf5-40db-4b15-b7d6-e2c72c80800a}</UniqueIdentifier>
    </Filter>
    <Filter Include="Source Files\game">
      <UniqueIdentifier>{721c0178-2aea-48d2-a069-bcc1acf1fd52}</UniqueIdentifier>
    </Filter>
    <Filter Include="Source Files\lib">
      <UniqueIdentifier>{82d83879-b4f9-4a72-b172-764e8a2b29ec}</UniqueIdentifier>
    </Filter>
    <Filter Include="Source Files\lib\imgui">
      <UniqueIdentifier>{64f5b213-748f-43bf-b33a-c752bfb6575b}</UniqueIdentifier>
    </Filter>
    <Filter Include="Source Files\lib\imgui\impl">
      <UniqueIdentifier>{ee3163e4-c816-4196-a4cd-5590b001c291}</UniqueIdentifier>
    </Filter>
    <Filter Include="Source Files\core\renderer">
      <UniqueIdentifier>{a8c1f471-dd37-41ed-b6ef-5137cd66f439}</UniqueIdentifier>
    </Filter>
    <Filter Include="Source Files\core\util">
      <UniqueIdentifier>{e5887cab-00ad-43ab-80c4-cc6e92dbd516}</UniqueIdentifier>
    </Filter>
    <Filter Include="Source Files\core\input">
      <UniqueIdentifier>{0dffdaf2-f113-4657-ac0d-9c98238ab7c8}</UniqueIdentifier>
    </Filter>
  </ItemGroup>
  <ItemGroup>
    <ClInclude Include="src\core\Camera.h">
      <Filter>Source Files\core</Filter>
    </ClInclude>
    <ClInclude Include="src\core\Functions.h">
      <Filter>Source Files\core</Filter>
    </ClInclude>
    <ClInclude Include="src\core\Resources.h">
      <Filter>Source Files\core</Filter>
    </ClInclude>
    <ClInclude Include="src\game\game.h">
      <Filter>Source Files\game</Filter>
    </ClInclude>
    <ClInclude Include="src\lib\imgui\imgui.h">
      <Filter>Source Files\lib\imgui</Filter>
    </ClInclude>
    <ClInclude Include="src\lib\imgui\imgui_internal.h">
      <Filter>Source Files\lib\imgui</Filter>
    </ClInclude>
    <ClInclude Include="src\lib\imgui\imstb_rectpack.h">
      <Filter>Source Files\lib\imgui</Filter>
    </ClInclude>
    <ClInclude Include="src\lib\imgui\imstb_textedit.h">
      <Filter>Source Files\lib\imgui</Filter>
    </ClInclude>
    <ClInclude Include="src\lib\imgui\imstb_truetype.h">
      <Filter>Source Files\lib\imgui</Filter>
    </ClInclude>
    <ClInclude Include="src\lib\imgui\impl\imgui_impl_dx12.h">
      <Filter>Source Files\lib\imgui\impl</Filter>
    </ClInclude>
    <ClInclude Include="src\core\renderer\control.h">
      <Filter>Source Files\core\renderer</Filter>
    </ClInclude>
    <ClInclude Include="src\core\renderer\device.h">
      <Filter>Source Files\core\renderer</Filter>
    </ClInclude>
    <ClInclude Include="src\core\util\timer.h">
      <Filter>Source Files\core\util</Filter>
    </ClInclude>
    <ClInclude Include="src\core\input\keyboard.h">
      <Filter>Source Files\core\input</Filter>
    </ClInclude>
    <ClInclude Include="src\core\input\manager.h">
      <Filter>Source Files\core\input</Filter>
    </ClInclude>
    <ClInclude Include="src\lib\imgui\impl\imgui_impl_win32.h">
      <Filter>Source Files\lib\imgui\impl</Filter>
    </ClInclude>
    <ClInclude Include="src\core\util\print.h">
      <Filter>Source Files\core\util</Filter>
    </ClInclude>
    <ClInclude Include="src\core\renderer\context.h">
      <Filter>Source Files\core\renderer</Filter>
    </ClInclude>
    <ClInclude Include="src\core\renderer\frame.h">
      <Filter>Source Files\core\renderer</Filter>
    </ClInclude>
    <ClInclude Include="src\core\renderer\pipeline.h">
      <Filter>Source Files\core\renderer</Filter>
    </ClInclude>
    <ClInclude Include="src\lib\imgui\imconfig.h">
      <Filter>Source Files\lib\imgui</Filter>
    </ClInclude>
    <ClInclude Include="src\core\renderer\texture.h">
      <Filter>Source Files\core\renderer</Filter>
    </ClInclude>
    <ClInclude Include="src\core\renderer\gpu_resources.h">
      <Filter>Source Files\core\renderer</Filter>
    </ClInclude>
    <ClInclude Include="src\core\Engine.h">
      <Filter>Source Files\core</Filter>
    </ClInclude>
    <ClInclude Include="src\core\util\break.h">
      <Filter>Source Files\core\util</Filter>
    </ClInclude>
    <ClInclude Include="src\core\EngineDefs.h">
      <Filter>Source Files\core</Filter>
    </ClInclude>
    <ClInclude Include="src\core\renderer\types.h">
      <Filter>Source Files\core\renderer</Filter>
    </ClInclude>
  </ItemGroup>
  <ItemGroup>
    <ClCompile Include="src\core\Functions.cpp">
      <Filter>Source Files\core</Filter>
    </ClCompile>
    <ClCompile Include="src\core\Resources.cpp">
      <Filter>Source Files\core</Filter>
    </ClCompile>
    <ClCompile Include="src\core\Camera.cpp">
      <Filter>Source Files\core</Filter>
    </ClCompile>
    <ClCompile Include="src\game\game.cpp">
      <Filter>Source Files\game</Filter>
    </ClCompile>
    <ClCompile Include="src\lib\imgui\imgui.cpp">
      <Filter>Source Files\lib\imgui</Filter>
    </ClCompile>
    <ClCompile Include="src\lib\imgui\imgui_demo.cpp">
      <Filter>Source Files\lib\imgui</Filter>
    </ClCompile>
    <ClCompile Include="src\lib\imgui\imgui_draw.cpp">
      <Filter>Source Files\lib\imgui</Filter>
    </ClCompile>
    <ClCompile Include="src\lib\imgui\imgui_widgets.cpp">
      <Filter>Source Files\lib\imgui</Filter>
    </ClCompile>
    <ClCompile Include="src\lib\imgui\impl\imgui_impl_dx12.cpp">
      <Filter>Source Files\lib\imgui\impl</Filter>
    </ClCompile>
    <ClCompile Include="src\core\renderer\control.cpp">
      <Filter>Source Files\core\renderer</Filter>
    </ClCompile>
    <ClCompile Include="src\core\renderer\device.cpp">
      <Filter>Source Files\core\renderer</Filter>
    </ClCompile>
    <ClCompile Include="src\core\util\timer.cpp">
      <Filter>Source Files\core\util</Filter>
    </ClCompile>
    <ClCompile Include="src\core\input\keyboard.cpp">
      <Filter>Source Files\core\input</Filter>
    </ClCompile>
    <ClCompile Include="src\core\input\manager.cpp">
      <Filter>Source Files\core\input</Filter>
    </ClCompile>
    <ClCompile Include="src\lib\imgui\impl\imgui_impl_win32.cpp">
      <Filter>Source Files\lib\imgui\impl</Filter>
    </ClCompile>
    <ClCompile Include="src\core\util\print.cpp">
      <Filter>Source Files\core\util</Filter>
    </ClCompile>
    <ClCompile Include="src\core\renderer\context.cpp">
      <Filter>Source Files\core\renderer</Filter>
    </ClCompile>
    <ClCompile Include="src\core\renderer\frame.cpp">
      <Filter>Source Files\core\renderer</Filter>
    </ClCompile>
    <ClCompile Include="src\core\renderer\pipeline.cpp">
      <Filter>Source Files\core\renderer</Filter>
    </ClCompile>
    <ClCompile Include="src\core\renderer\texture.cpp">
      <Filter>Source Files\core\renderer</Filter>
    </ClCompile>
    <ClCompile Include="src\core\renderer\gpu_resources.cpp">
      <Filter>Source Files\core\renderer</Filter>
    </ClCompile>
    <ClCompile Include="src\core\Engine.cpp">
      <Filter>Source Files\core</Filter>
    </ClCompile>
    <ClCompile Include="src\core\util\break.cpp">
      <Filter>Source Files\core\util</Filter>
    </ClCompile>
    <ClCompile Include="src\lib\imgui\imgui_tables.cpp">
      <Filter>Source Files\lib\imgui</Filter>
    </ClCompile>
  </ItemGroup>
</Project>